
Microsoft Visual Studio Solution File, Format Version 12.00
# Visual Studio 2015
Project("{FAE04EC0-301F-11D3-BF4B-00C04F79EFBC}") = "prototype 2", "prototype 2.csproj", "{E28E05DE-B328-CFD6-B82B-B8EE0F4334FA}"
EndProject
Global
	GlobalSection(SolutionConfigurationPlatforms) = preSolution
		Debug|Any CPU = Debug|Any CPU
		Release|Any CPU = Release|Any CPU
	EndGlobalSection
	GlobalSection(ProjectConfigurationPlatforms) = postSolution
		{E28E05DE-B328-CFD6-B82B-B8EE0F4334FA}.Debug|Any CPU.ActiveCfg = Debug|Any CPU
		{E28E05DE-B328-CFD6-B82B-B8EE0F4334FA}.Debug|Any CPU.Build.0 = Debug|Any CPU
		{E28E05DE-B328-CFD6-B82B-B8EE0F4334FA}.Release|Any CPU.ActiveCfg = Release|Any CPU
		{E28E05DE-B328-CFD6-B82B-B8EE0F4334FA}.Release|Any CPU.Build.0 = Release|Any CPU
	EndGlobalSection
	GlobalSection(SolutionProperties) = preSolution
		HideSolutionNode = FALSE
	EndGlobalSection
EndGlobal
