
Microsoft Visual Studio Solution File, Format Version 12.00
# Visual Studio 2015
Project("{FAE04EC0-301F-11D3-BF4B-00C04F79EFBC}") = "prototype 1", "prototype 1.csproj", "{6FFD4A56-0899-6F59-3AFA-99CDE06FF9C6}"
EndProject
Global
	GlobalSection(SolutionConfigurationPlatforms) = preSolution
		Debug|Any CPU = Debug|Any CPU
		Release|Any CPU = Release|Any CPU
	EndGlobalSection
	GlobalSection(ProjectConfigurationPlatforms) = postSolution
		{6FFD4A56-0899-6F59-3AFA-99CDE06FF9C6}.Debug|Any CPU.ActiveCfg = Debug|Any CPU
		{6FFD4A56-0899-6F59-3AFA-99CDE06FF9C6}.Debug|Any CPU.Build.0 = Debug|Any CPU
		{6FFD4A56-0899-6F59-3AFA-99CDE06FF9C6}.Release|Any CPU.ActiveCfg = Release|Any CPU
		{6FFD4A56-0899-6F59-3AFA-99CDE06FF9C6}.Release|Any CPU.Build.0 = Release|Any CPU
	EndGlobalSection
	GlobalSection(SolutionProperties) = preSolution
		HideSolutionNode = FALSE
	EndGlobalSection
EndGlobal
